
Microsoft Visual Studio Solution File, Format Version 12.00
# Visual Studio Version 16
VisualStudioVersion = 16.0.30204.135
MinimumVisualStudioVersion = 10.0.40219.1
Project("{FAE04EC0-301F-11D3-BF4B-00C04F79EFBC}") = "On-Off_Boarding", "On-Off_Boarding.csproj", "{9EE80A32-3E0A-4189-A978-2596729664A3}"
EndProject
Project("{FAE04EC0-301F-11D3-BF4B-00C04F79EFBC}") = "DataLibrary", "..\DataLibrary\DataLibrary.csproj", "{C4EC3928-4010-4918-B781-6488D0C31AC3}"
EndProject
Global
	GlobalSection(SolutionConfigurationPlatforms) = preSolution
		Debug|Any CPU = Debug|Any CPU
		Release|Any CPU = Release|Any CPU
	EndGlobalSection
	GlobalSection(ProjectConfigurationPlatforms) = postSolution
		{9EE80A32-3E0A-4189-A978-2596729664A3}.Debug|Any CPU.ActiveCfg = Debug|Any CPU
		{9EE80A32-3E0A-4189-A978-2596729664A3}.Debug|Any CPU.Build.0 = Debug|Any CPU
		{9EE80A32-3E0A-4189-A978-2596729664A3}.Release|Any CPU.ActiveCfg = Release|Any CPU
		{9EE80A32-3E0A-4189-A978-2596729664A3}.Release|Any CPU.Build.0 = Release|Any CPU
		{C4EC3928-4010-4918-B781-6488D0C31AC3}.Debug|Any CPU.ActiveCfg = Debug|Any CPU
		{C4EC3928-4010-4918-B781-6488D0C31AC3}.Debug|Any CPU.Build.0 = Debug|Any CPU
		{C4EC3928-4010-4918-B781-6488D0C31AC3}.Release|Any CPU.ActiveCfg = Release|Any CPU
		{C4EC3928-4010-4918-B781-6488D0C31AC3}.Release|Any CPU.Build.0 = Release|Any CPU
	EndGlobalSection
	GlobalSection(SolutionProperties) = preSolution
		HideSolutionNode = FALSE
	EndGlobalSection
	GlobalSection(ExtensibilityGlobals) = postSolution
		SolutionGuid = {A99EA186-26B5-4339-988A-418E9561C39D}
	EndGlobalSection
EndGlobal
